// !$*UTF8*$!
{
	archiveVersion = 1;
	classes = {
	};
	objectVersion = 46;
	objects = {

/* Begin PBXBuildFile section */
		443360A51E4C300F00E278BB /* main.m in Sources */ = {isa = PBXBuildFile; fileRef = 443360A41E4C300F00E278BB /* main.m */; };
		443360A81E4C300F00E278BB /* AppDelegate.m in Sources */ = {isa = PBXBuildFile; fileRef = 443360A71E4C300F00E278BB /* AppDelegate.m */; };
		443360AB1E4C300F00E278BB /* ViewController.m in Sources */ = {isa = PBXBuildFile; fileRef = 443360AA1E4C300F00E278BB /* ViewController.m */; };
		443360AE1E4C300F00E278BB /* Main.storyboard in Resources */ = {isa = PBXBuildFile; fileRef = 443360AC1E4C300F00E278BB /* Main.storyboard */; };
		443360B11E4C300F00E278BB /* DemoNearestCities.xcdatamodeld in Sources */ = {isa = PBXBuildFile; fileRef = 443360AF1E4C300F00E278BB /* DemoNearestCities.xcdatamodeld */; };
		443360B31E4C300F00E278BB /* Assets.xcassets in Resources */ = {isa = PBXBuildFile; fileRef = 443360B21E4C300F00E278BB /* Assets.xcassets */; };
		443360B61E4C300F00E278BB /* LaunchScreen.storyboard in Resources */ = {isa = PBXBuildFile; fileRef = 443360B41E4C300F00E278BB /* LaunchScreen.storyboard */; };
		443360C71E4C338200E278BB /* NearestCities.m in Sources */ = {isa = PBXBuildFile; fileRef = 443360C61E4C338200E278BB /* NearestCities.m */; };
		72B1BE3D4DCDF08D455DA820 /* libPods-DemoNearestCities.a in Frameworks */ = {isa = PBXBuildFile; fileRef = 357C74488E7B0336395CF9F8 /* libPods-DemoNearestCities.a */; };
/* End PBXBuildFile section */

/* Begin PBXFileReference section */
		357C74488E7B0336395CF9F8 /* libPods-DemoNearestCities.a */ = {isa = PBXFileReference; explicitFileType = archive.ar; includeInIndex = 0; path = "libPods-DemoNearestCities.a"; sourceTree = BUILT_PRODUCTS_DIR; };
		443360A01E4C300F00E278BB /* DemoNearestCities.app */ = {isa = PBXFileReference; explicitFileType = wrapper.application; includeInIndex = 0; path = DemoNearestCities.app; sourceTree = BUILT_PRODUCTS_DIR; };
		443360A41E4C300F00E278BB /* main.m */ = {isa = PBXFileReference; lastKnownFileType = sourcecode.c.objc; path = main.m; sourceTree = "<group>"; };
		443360A61E4C300F00E278BB /* AppDelegate.h */ = {isa = PBXFileReference; lastKnownFileType = sourcecode.c.h; path = AppDelegate.h; sourceTree = "<group>"; };
		443360A71E4C300F00E278BB /* AppDelegate.m */ = {isa = PBXFileReference; lastKnownFileType = sourcecode.c.objc; path = AppDelegate.m; sourceTree = "<group>"; };
		443360A91E4C300F00E278BB /* ViewController.h */ = {isa = PBXFileReference; lastKnownFileType = sourcecode.c.h; path = ViewController.h; sourceTree = "<group>"; };
		443360AA1E4C300F00E278BB /* ViewController.m */ = {isa = PBXFileReference; lastKnownFileType = sourcecode.c.objc; path = ViewController.m; sourceTree = "<group>"; };
		443360AD1E4C300F00E278BB /* Base */ = {isa = PBXFileReference; lastKnownFileType = file.storyboard; name = Base; path = Base.lproj/Main.storyboard; sourceTree = "<group>"; };
		443360B01E4C300F00E278BB /* DemoNearestCities.xcdatamodel */ = {isa = PBXFileReference; lastKnownFileType = wrapper.xcdatamodel; path = DemoNearestCities.xcdatamodel; sourceTree = "<group>"; };
		443360B21E4C300F00E278BB /* Assets.xcassets */ = {isa = PBXFileReference; lastKnownFileType = folder.assetcatalog; path = Assets.xcassets; sourceTree = "<group>"; };
		443360B51E4C300F00E278BB /* Base */ = {isa = PBXFileReference; lastKnownFileType = file.storyboard; name = Base; path = Base.lproj/LaunchScreen.storyboard; sourceTree = "<group>"; };
		443360B71E4C300F00E278BB /* Info.plist */ = {isa = PBXFileReference; lastKnownFileType = text.plist.xml; path = Info.plist; sourceTree = "<group>"; };
		443360C51E4C338200E278BB /* NearestCities.h */ = {isa = PBXFileReference; fileEncoding = 4; lastKnownFileType = sourcecode.c.h; path = NearestCities.h; sourceTree = "<group>"; };
		443360C61E4C338200E278BB /* NearestCities.m */ = {isa = PBXFileReference; fileEncoding = 4; lastKnownFileType = sourcecode.c.objc; path = NearestCities.m; sourceTree = "<group>"; };
		74E6DE8B6EC0A21635683CE2 /* Pods-DemoNearestCities.debug.xcconfig */ = {isa = PBXFileReference; includeInIndex = 1; lastKnownFileType = text.xcconfig; name = "Pods-DemoNearestCities.debug.xcconfig"; path = "Pods/Target Support Files/Pods-DemoNearestCities/Pods-DemoNearestCities.debug.xcconfig"; sourceTree = "<group>"; };
		DF25565BE81C013676252EBF /* Pods-DemoNearestCities.release.xcconfig */ = {isa = PBXFileReference; includeInIndex = 1; lastKnownFileType = text.xcconfig; name = "Pods-DemoNearestCities.release.xcconfig"; path = "Pods/Target Support Files/Pods-DemoNearestCities/Pods-DemoNearestCities.release.xcconfig"; sourceTree = "<group>"; };
/* End PBXFileReference section */

/* Begin PBXFrameworksBuildPhase section */
		4433609D1E4C300F00E278BB /* Frameworks */ = {
			isa = PBXFrameworksBuildPhase;
			buildActionMask = 2147483647;
			files = (
				72B1BE3D4DCDF08D455DA820 /* libPods-DemoNearestCities.a in Frameworks */,
			);
			runOnlyForDeploymentPostprocessing = 0;
		};
/* End PBXFrameworksBuildPhase section */

/* Begin PBXGroup section */
		21556806D9F23578D9BEC339 /* Pods */ = {
			isa = PBXGroup;
			children = (
				74E6DE8B6EC0A21635683CE2 /* Pods-DemoNearestCities.debug.xcconfig */,
				DF25565BE81C013676252EBF /* Pods-DemoNearestCities.release.xcconfig */,
			);
			name = Pods;
			sourceTree = "<group>";
		};
		443360971E4C300F00E278BB = {
			isa = PBXGroup;
			children = (
				443360A21E4C300F00E278BB /* DemoNearestCities */,
				443360A11E4C300F00E278BB /* Products */,
				21556806D9F23578D9BEC339 /* Pods */,
				9460768C7A61E4AE072710DD /* Frameworks */,
			);
			sourceTree = "<group>";
		};
		443360A11E4C300F00E278BB /* Products */ = {
			isa = PBXGroup;
			children = (
				443360A01E4C300F00E278BB /* DemoNearestCities.app */,
			);
			name = Products;
			sourceTree = "<group>";
		};
		443360A21E4C300F00E278BB /* DemoNearestCities */ = {
			isa = PBXGroup;
			children = (
				443360C51E4C338200E278BB /* NearestCities.h */,
				443360C61E4C338200E278BB /* NearestCities.m */,
				443360A61E4C300F00E278BB /* AppDelegate.h */,
				443360A71E4C300F00E278BB /* AppDelegate.m */,
				443360A91E4C300F00E278BB /* ViewController.h */,
				443360AA1E4C300F00E278BB /* ViewController.m */,
				443360AC1E4C300F00E278BB /* Main.storyboard */,
				443360B21E4C300F00E278BB /* Assets.xcassets */,
				443360B41E4C300F00E278BB /* LaunchScreen.storyboard */,
				443360B71E4C300F00E278BB /* Info.plist */,
				443360AF1E4C300F00E278BB /* DemoNearestCities.xcdatamodeld */,
				443360A31E4C300F00E278BB /* Supporting Files */,
			);
			path = DemoNearestCities;
			sourceTree = "<group>";
		};
		443360A31E4C300F00E278BB /* Supporting Files */ = {
			isa = PBXGroup;
			children = (
				443360A41E4C300F00E278BB /* main.m */,
			);
			name = "Supporting Files";
			sourceTree = "<group>";
		};
		9460768C7A61E4AE072710DD /* Frameworks */ = {
			isa = PBXGroup;
			children = (
				357C74488E7B0336395CF9F8 /* libPods-DemoNearestCities.a */,
			);
			name = Frameworks;
			sourceTree = "<group>";
		};
/* End PBXGroup section */

/* Begin PBXNativeTarget section */
		4433609F1E4C300F00E278BB /* DemoNearestCities */ = {
			isa = PBXNativeTarget;
			buildConfigurationList = 443360BA1E4C300F00E278BB /* Build configuration list for PBXNativeTarget "DemoNearestCities" */;
			buildPhases = (
				56490B66F5E46548F8163A10 /* [CP] Check Pods Manifest.lock */,
				4433609C1E4C300F00E278BB /* Sources */,
				4433609D1E4C300F00E278BB /* Frameworks */,
				4433609E1E4C300F00E278BB /* Resources */,
				0AE636960837E55E9C6FC730 /* [CP] Embed Pods Frameworks */,
				1EF566A6D63D707CA270E82B /* [CP] Copy Pods Resources */,
			);
			buildRules = (
			);
			dependencies = (
			);
			name = DemoNearestCities;
			productName = DemoNearestCities;
			productReference = 443360A01E4C300F00E278BB /* DemoNearestCities.app */;
			productType = "com.apple.product-type.application";
		};
/* End PBXNativeTarget section */

/* Begin PBXProject section */
		443360981E4C300F00E278BB /* Project object */ = {
			isa = PBXProject;
			attributes = {
				LastUpgradeCheck = 0730;
				ORGANIZATIONNAME = Chathura;
				TargetAttributes = {
					4433609F1E4C300F00E278BB = {
						CreatedOnToolsVersion = 7.3;
						DevelopmentTeam = E9ZT32B9T5;
					};
				};
			};
			buildConfigurationList = 4433609B1E4C300F00E278BB /* Build configuration list for PBXProject "DemoNearestCities" */;
			compatibilityVersion = "Xcode 3.2";
			developmentRegion = English;
			hasScannedForEncodings = 0;
			knownRegions = (
				en,
				Base,
			);
			mainGroup = 443360971E4C300F00E278BB;
			productRefGroup = 443360A11E4C300F00E278BB /* Products */;
			projectDirPath = "";
			projectRoot = "";
			targets = (
				4433609F1E4C300F00E278BB /* DemoNearestCities */,
			);
		};
/* End PBXProject section */

/* Begin PBXResourcesBuildPhase section */
		4433609E1E4C300F00E278BB /* Resources */ = {
			isa = PBXResourcesBuildPhase;
			buildActionMask = 2147483647;
			files = (
				443360B61E4C300F00E278BB /* LaunchScreen.storyboard in Resources */,
				443360B31E4C300F00E278BB /* Assets.xcassets in Resources */,
				443360AE1E4C300F00E278BB /* Main.storyboard in Resources */,
			);
			runOnlyForDeploymentPostprocessing = 0;
		};
/* End PBXResourcesBuildPhase section */

/* Begin PBXShellScriptBuildPhase section */
		0AE636960837E55E9C6FC730 /* [CP] Embed Pods Frameworks */ = {
			isa = PBXShellScriptBuildPhase;
			buildActionMask = 2147483647;
			files = (
			);
			inputPaths = (
			);
			name = "[CP] Embed Pods Frameworks";
			outputPaths = (
			);
			runOnlyForDeploymentPostprocessing = 0;
			shellPath = /bin/sh;
			shellScript = "\"${SRCROOT}/Pods/Target Support Files/Pods-DemoNearestCities/Pods-DemoNearestCities-frameworks.sh\"\n";
			showEnvVarsInLog = 0;
		};
		1EF566A6D63D707CA270E82B /* [CP] Copy Pods Resources */ = {
			isa = PBXShellScriptBuildPhase;
			buildActionMask = 2147483647;
			files = (
			);
			inputPaths = (
			);
			name = "[CP] Copy Pods Resources";
			outputPaths = (
			);
			runOnlyForDeploymentPostprocessing = 0;
			shellPath = /bin/sh;
			shellScript = "\"${SRCROOT}/Pods/Target Support Files/Pods-DemoNearestCities/Pods-DemoNearestCities-resources.sh\"\n";
			showEnvVarsInLog = 0;
		};
		56490B66F5E46548F8163A10 /* [CP] Check Pods Manifest.lock */ = {
			isa = PBXShellScriptBuildPhase;
			buildActionMask = 2147483647;
			files = (
			);
			inputPaths = (
			);
			name = "[CP] Check Pods Manifest.lock";
			outputPaths = (
			);
			runOnlyForDeploymentPostprocessing = 0;
			shellPath = /bin/sh;
			shellScript = "diff \"${PODS_ROOT}/../Podfile.lock\" \"${PODS_ROOT}/Manifest.lock\" > /dev/null\nif [ $? != 0 ] ; then\n    # print error to STDERR\n    echo \"error: The sandbox is not in sync with the Podfile.lock. Run 'pod install' or update your CocoaPods installation.\" >&2\n    exit 1\nfi\n";
			showEnvVarsInLog = 0;
		};
/* End PBXShellScriptBuildPhase section */

/* Begin PBXSourcesBuildPhase section */
		4433609C1E4C300F00E278BB /* Sources */ = {
			isa = PBXSourcesBuildPhase;
			buildActionMask = 2147483647;
			files = (
				443360AB1E4C300F00E278BB /* ViewController.m in Sources */,
				443360C71E4C338200E278BB /* NearestCities.m in Sources */,
				443360A81E4C300F00E278BB /* AppDelegate.m in Sources */,
				443360B11E4C300F00E278BB /* DemoNearestCities.xcdatamodeld in Sources */,
				443360A51E4C300F00E278BB /* main.m in Sources */,
			);
			runOnlyForDeploymentPostprocessing = 0;
		};
/* End PBXSourcesBuildPhase section */

/* Begin PBXVariantGroup section */
		443360AC1E4C300F00E278BB /* Main.storyboard */ = {
			isa = PBXVariantGroup;
			children = (
				443360AD1E4C300F00E278BB /* Base */,
			);
			name = Main.storyboard;
			sourceTree = "<group>";
		};
		443360B41E4C300F00E278BB /* LaunchScreen.storyboard */ = {
			isa = PBXVariantGroup;
			children = (
				443360B51E4C300F00E278BB /* Base */,
			);
			name = LaunchScreen.storyboard;
			sourceTree = "<group>";
		};
/* End PBXVariantGroup section */

/* Begin XCBuildConfiguration section */
		443360B81E4C300F00E278BB /* Debug */ = {
			isa = XCBuildConfiguration;
			buildSettings = {
				ALWAYS_SEARCH_USER_PATHS = NO;
				CLANG_ANALYZER_NONNULL = YES;
				CLANG_CXX_LANGUAGE_STANDARD = "gnu++0x";
				CLANG_CXX_LIBRARY = "libc++";
				CLANG_ENABLE_MODULES = YES;
				CLANG_ENABLE_OBJC_ARC = YES;
				CLANG_WARN_BOOL_CONVERSION = YES;
				CLANG_WARN_CONSTANT_CONVERSION = YES;
				CLANG_WARN_DIRECT_OBJC_ISA_USAGE = YES_ERROR;
				CLANG_WARN_EMPTY_BODY = YES;
				CLANG_WARN_ENUM_CONVERSION = YES;
				CLANG_WARN_INT_CONVERSION = YES;
				CLANG_WARN_OBJC_ROOT_CLASS = YES_ERROR;
				CLANG_WARN_UNREACHABLE_CODE = YES;
				CLANG_WARN__DUPLICATE_METHOD_MATCH = YES;
				"CODE_SIGN_IDENTITY[sdk=iphoneos*]" = "iPhone Developer";
				COPY_PHASE_STRIP = NO;
				DEBUG_INFORMATION_FORMAT = dwarf;
				ENABLE_STRICT_OBJC_MSGSEND = YES;
				ENABLE_TESTABILITY = YES;
				GCC_C_LANGUAGE_STANDARD = gnu99;
				GCC_DYNAMIC_NO_PIC = NO;
				GCC_NO_COMMON_BLOCKS = YES;
				GCC_OPTIMIZATION_LEVEL = 0;
				GCC_PREPROCESSOR_DEFINITIONS = (
					"DEBUG=1",
					"$(inherited)",
				);
				GCC_WARN_64_TO_32_BIT_CONVERSION = YES;
				GCC_WARN_ABOUT_RETURN_TYPE = YES_ERROR;
				GCC_WARN_UNDECLARED_SELECTOR = YES;
				GCC_WARN_UNINITIALIZED_AUTOS = YES_AGGRESSIVE;
				GCC_WARN_UNUSED_FUNCTION = YES;
				GCC_WARN_UNUSED_VARIABLE = YES;
				IPHONEOS_DEPLOYMENT_TARGET = 9.3;
				MTL_ENABLE_DEBUG_INFO = YES;
				ONLY_ACTIVE_ARCH = YES;
				SDKROOT = iphoneos;
			};
			name = Debug;
		};
		443360B91E4C300F00E278BB /* Release */ = {
			isa = XCBuildConfiguration;
			buildSettings = {
				ALWAYS_SEARCH_USER_PATHS = NO;
				CLANG_ANALYZER_NONNULL = YES;
				CLANG_CXX_LANGUAGE_STANDARD = "gnu++0x";
				CLANG_CXX_LIBRARY = "libc++";
				CLANG_ENABLE_MODULES = YES;
				CLANG_ENABLE_OBJC_ARC = YES;
				CLANG_WARN_BOOL_CONVERSION = YES;
				CLANG_WARN_CONSTANT_CONVERSION = YES;
				CLANG_WARN_DIRECT_OBJC_ISA_USAGE = YES_ERROR;
				CLANG_WARN_EMPTY_BODY = YES;
				CLANG_WARN_ENUM_CONVERSION = YES;
				CLANG_WARN_INT_CONVERSION = YES;
				CLANG_WARN_OBJC_ROOT_CLASS = YES_ERROR;
				CLANG_WARN_UNREACHABLE_CODE = YES;
				CLANG_WARN__DUPLICATE_METHOD_MATCH = YES;
				"CODE_SIGN_IDENTITY[sdk=iphoneos*]" = "iPhone Developer";
				COPY_PHASE_STRIP = NO;
				DEBUG_INFORMATION_FORMAT = "dwarf-with-dsym";
				ENABLE_NS_ASSERTIONS = NO;
				ENABLE_STRICT_OBJC_MSGSEND = YES;
				GCC_C_LANGUAGE_STANDARD = gnu99;
				GCC_NO_COMMON_BLOCKS = YES;
				GCC_WARN_64_TO_32_BIT_CONVERSION = YES;
				GCC_WARN_ABOUT_RETURN_TYPE = YES_ERROR;
				GCC_WARN_UNDECLARED_SELECTOR = YES;
				GCC_WARN_UNINITIALIZED_AUTOS = YES_AGGRESSIVE;
				GCC_WARN_UNUSED_FUNCTION = YES;
				GCC_WARN_UNUSED_VARIABLE = YES;
				IPHONEOS_DEPLOYMENT_TARGET = 9.3;
				MTL_ENABLE_DEBUG_INFO = NO;
				SDKROOT = iphoneos;
				VALIDATE_PRODUCT = YES;
			};
			name = Release;
		};
		443360BB1E4C300F00E278BB /* Debug */ = {
			isa = XCBuildConfiguration;
			baseConfigurationReference = 74E6DE8B6EC0A21635683CE2 /* Pods-DemoNearestCities.debug.xcconfig */;
			buildSettings = {
				ASSETCATALOG_COMPILER_APPICON_NAME = AppIcon;
				DEVELOPMENT_TEAM = E9ZT32B9T5;
				INFOPLIST_FILE = DemoNearestCities/Info.plist;
				LD_RUNPATH_SEARCH_PATHS = "$(inherited) @executable_path/Frameworks";
				PRODUCT_BUNDLE_IDENTIFIER = com.fexcon.DemoNearestCities;
				PRODUCT_NAME = "$(TARGET_NAME)";
			};
			name = Debug;
		};
		443360BC1E4C300F00E278BB /* Release */ = {
			isa = XCBuildConfiguration;
			baseConfigurationReference = DF25565BE81C013676252EBF /* Pods-DemoNearestCities.release.xcconfig */;
			buildSettings = {
				ASSETCATALOG_COMPILER_APPICON_NAME = AppIcon;
				DEVELOPMENT_TEAM = E9ZT32B9T5;
				INFOPLIST_FILE = DemoNearestCities/Info.plist;
				LD_RUNPATH_SEARCH_PATHS = "$(inherited) @executable_path/Frameworks";
				PRODUCT_BUNDLE_IDENTIFIER = com.fexcon.DemoNearestCities;
				PRODUCT_NAME = "$(TARGET_NAME)";
			};
			name = Release;
		};
/* End XCBuildConfiguration section */

/* Begin XCConfigurationList section */
		4433609B1E4C300F00E278BB /* Build configuration list for PBXProject "DemoNearestCities" */ = {
			isa = XCConfigurationList;
			buildConfigurations = (
				443360B81E4C300F00E278BB /* Debug */,
				443360B91E4C300F00E278BB /* Release */,
			);
			defaultConfigurationIsVisible = 0;
			defaultConfigurationName = Release;
		};
		443360BA1E4C300F00E278BB /* Build configuration list for PBXNativeTarget "DemoNearestCities" */ = {
			isa = XCConfigurationList;
			buildConfigurations = (
				443360BB1E4C300F00E278BB /* Debug */,
				443360BC1E4C300F00E278BB /* Release */,
			);
			defaultConfigurationIsVisible = 0;
			defaultConfigurationName = Release;
		};
/* End XCConfigurationList section */

/* Begin XCVersionGroup section */
		443360AF1E4C300F00E278BB /* DemoNearestCities.xcdatamodeld */ = {
			isa = XCVersionGroup;
			children = (
				443360B01E4C300F00E278BB /* DemoNearestCities.xcdatamodel */,
			);
			currentVersion = 443360B01E4C300F00E278BB /* DemoNearestCities.xcdatamodel */;
			path = DemoNearestCities.xcdatamodeld;
			sourceTree = "<group>";
			versionGroupType = wrapper.xcdatamodel;
		};
/* End XCVersionGroup section */
	};
	rootObject = 443360981E4C300F00E278BB /* Project object */;
}
